
Microsoft Visual Studio Solution File, Format Version 11.00
# Visual Studio 2010
Project("{FAE04EC0-301F-11D3-BF4B-00C04F79EFBC}") = "DynamORM", "DynamORM\DynamORM.csproj", "{63963ED7-9C78-4672-A4D4-339B6E825503}"
EndProject
Project("{FAE04EC0-301F-11D3-BF4B-00C04F79EFBC}") = "DynamORM.Tests.Mono", "DynamORM.Tests\DynamORM.Tests.Mono.csproj", "{D5013B4E-8A1B-4DBB-8FB5-E09935F4F764}"
EndProject
Global
	GlobalSection(SolutionConfigurationPlatforms) = preSolution
		Debug|Any CPU = Debug|Any CPU
		Release|Any CPU = Release|Any CPU
	EndGlobalSection
	GlobalSection(ProjectConfigurationPlatforms) = postSolution
		{63963ED7-9C78-4672-A4D4-339B6E825503}.Debug|Any CPU.ActiveCfg = Debug|Any CPU
		{63963ED7-9C78-4672-A4D4-339B6E825503}.Debug|Any CPU.Build.0 = Debug|Any CPU
		{63963ED7-9C78-4672-A4D4-339B6E825503}.Release|Any CPU.ActiveCfg = Release|Any CPU
		{63963ED7-9C78-4672-A4D4-339B6E825503}.Release|Any CPU.Build.0 = Release|Any CPU
		{D5013B4E-8A1B-4DBB-8FB5-E09935F4F764}.Debug|Any CPU.ActiveCfg = Debug|Any CPU
		{D5013B4E-8A1B-4DBB-8FB5-E09935F4F764}.Debug|Any CPU.Build.0 = Debug|Any CPU
		{D5013B4E-8A1B-4DBB-8FB5-E09935F4F764}.Release|Any CPU.ActiveCfg = Release|Any CPU
		{D5013B4E-8A1B-4DBB-8FB5-E09935F4F764}.Release|Any CPU.Build.0 = Release|Any CPU
	EndGlobalSection
	GlobalSection(MonoDevelopProperties) = preSolution
		StartupItem = DynamORM\DynamORM.csproj
		Policies = $0
		$0.DotNetNamingPolicy = $1
		$1.DirectoryNamespaceAssociation = None
		$1.ResourceNamePolicy = FileFormatDefault
		$0.TextStylePolicy = $2
		$2.FileWidth = 120
		$2.RemoveTrailingWhitespace = True
		$2.EolMarker = Windows
		$2.inheritsSet = VisualStudio
		$2.inheritsScope = text/plain
		$2.scope = text/x-csharp
		$0.CSharpFormattingPolicy = $3
		$3.inheritsSet = Mono
		$3.inheritsScope = text/x-csharp
		$3.scope = text/x-csharp
		$0.TextStylePolicy = $4
		$4.FileWidth = 120
		$4.RemoveTrailingWhitespace = True
		$4.EolMarker = Windows
		$4.inheritsSet = VisualStudio
		$4.inheritsScope = text/plain
		$4.scope = text/plain
		$0.TextStylePolicy = $5
		$5.FileWidth = 120
		$5.TabWidth = 2
		$5.RemoveTrailingWhitespace = True
		$5.EolMarker = Windows
		$5.inheritsSet = VisualStudio
		$5.inheritsScope = text/plain
		$5.scope = text/microsoft-resx
		$0.XmlFormattingPolicy = $6
		$6.inheritsSet = null
		$6.scope = text/microsoft-resx
		$0.TextStylePolicy = $7
		$7.FileWidth = 120
		$7.TabWidth = 2
		$7.RemoveTrailingWhitespace = True
		$7.EolMarker = Windows
		$7.inheritsSet = VisualStudio
		$7.inheritsScope = text/plain
		$7.scope = application/xml
		$0.XmlFormattingPolicy = $8
		$8.inheritsSet = Mono
		$8.inheritsScope = application/xml
		$8.scope = application/xml
	EndGlobalSection
	GlobalSection(SolutionProperties) = preSolution
		HideSolutionNode = FALSE
	EndGlobalSection
EndGlobal
