
Microsoft Visual Studio Solution File, Format Version 12.00
# Visual Studio Version 17
VisualStudioVersion = 17.0.31903.59
MinimumVisualStudioVersion = 10.0.40219.1
Project("{FAE04EC0-301F-11D3-BF4B-00C04F79EFBC}") = "DynamORM", "DynamORM\DynamORM.csproj", "{63963ED7-9C78-4672-A4D4-339B6E825503}"
EndProject
Project("{FAE04EC0-301F-11D3-BF4B-00C04F79EFBC}") = "DynamORM.Tests", "DynamORM.Tests\DynamORM.Tests.csproj", "{D5013B4E-8A1B-4DBB-8FB5-E09935F4F764}"
EndProject
Project("{FAE04EC0-301F-11D3-BF4B-00C04F79EFBC}") = "AmalgamationTool", "AmalgamationTool\AmalgamationTool.csproj", "{A64D2052-D0CD-488E-BF05-E5952615D926}"
EndProject
Project("{FAE04EC0-301F-11D3-BF4B-00C04F79EFBC}") = "Tester", "Tester\Tester.csproj", "{F747AA57-BEA7-4FB8-B371-546296789AEF}"
EndProject
Global
	GlobalSection(SolutionConfigurationPlatforms) = preSolution
		Debug|Any CPU = Debug|Any CPU
		Debug|Mixed Platforms = Debug|Mixed Platforms
		Debug|x86 = Debug|x86
		Release|Any CPU = Release|Any CPU
		Release|Mixed Platforms = Release|Mixed Platforms
		Release|x86 = Release|x86
	EndGlobalSection
	GlobalSection(ProjectConfigurationPlatforms) = postSolution
		{63963ED7-9C78-4672-A4D4-339B6E825503}.Debug|Any CPU.ActiveCfg = Debug|Any CPU
		{63963ED7-9C78-4672-A4D4-339B6E825503}.Debug|Any CPU.Build.0 = Debug|Any CPU
		{63963ED7-9C78-4672-A4D4-339B6E825503}.Debug|Mixed Platforms.ActiveCfg = Debug|Any CPU
		{63963ED7-9C78-4672-A4D4-339B6E825503}.Debug|Mixed Platforms.Build.0 = Debug|Any CPU
		{63963ED7-9C78-4672-A4D4-339B6E825503}.Debug|x86.ActiveCfg = Debug|Any CPU
		{63963ED7-9C78-4672-A4D4-339B6E825503}.Release|Any CPU.ActiveCfg = Release|Any CPU
		{63963ED7-9C78-4672-A4D4-339B6E825503}.Release|Any CPU.Build.0 = Release|Any CPU
		{63963ED7-9C78-4672-A4D4-339B6E825503}.Release|Mixed Platforms.ActiveCfg = Release|Any CPU
		{63963ED7-9C78-4672-A4D4-339B6E825503}.Release|Mixed Platforms.Build.0 = Release|Any CPU
		{63963ED7-9C78-4672-A4D4-339B6E825503}.Release|x86.ActiveCfg = Release|Any CPU
		{D5013B4E-8A1B-4DBB-8FB5-E09935F4F764}.Debug|Any CPU.ActiveCfg = Debug|Any CPU
		{D5013B4E-8A1B-4DBB-8FB5-E09935F4F764}.Debug|Any CPU.Build.0 = Debug|Any CPU
		{D5013B4E-8A1B-4DBB-8FB5-E09935F4F764}.Debug|Mixed Platforms.ActiveCfg = Debug|Any CPU
		{D5013B4E-8A1B-4DBB-8FB5-E09935F4F764}.Debug|Mixed Platforms.Build.0 = Debug|Any CPU
		{D5013B4E-8A1B-4DBB-8FB5-E09935F4F764}.Debug|x86.ActiveCfg = Debug|Any CPU
		{D5013B4E-8A1B-4DBB-8FB5-E09935F4F764}.Release|Any CPU.ActiveCfg = Release|Any CPU
		{D5013B4E-8A1B-4DBB-8FB5-E09935F4F764}.Release|Any CPU.Build.0 = Release|Any CPU
		{D5013B4E-8A1B-4DBB-8FB5-E09935F4F764}.Release|Mixed Platforms.ActiveCfg = Release|Any CPU
		{D5013B4E-8A1B-4DBB-8FB5-E09935F4F764}.Release|Mixed Platforms.Build.0 = Release|Any CPU
		{D5013B4E-8A1B-4DBB-8FB5-E09935F4F764}.Release|x86.ActiveCfg = Release|Any CPU
		{A64D2052-D0CD-488E-BF05-E5952615D926}.Debug|Any CPU.ActiveCfg = Debug|x86
		{A64D2052-D0CD-488E-BF05-E5952615D926}.Debug|Any CPU.Build.0 = Debug|x86
		{A64D2052-D0CD-488E-BF05-E5952615D926}.Debug|Mixed Platforms.ActiveCfg = Debug|x86
		{A64D2052-D0CD-488E-BF05-E5952615D926}.Debug|Mixed Platforms.Build.0 = Debug|x86
		{A64D2052-D0CD-488E-BF05-E5952615D926}.Debug|x86.ActiveCfg = Debug|x86
		{A64D2052-D0CD-488E-BF05-E5952615D926}.Debug|x86.Build.0 = Debug|x86
		{A64D2052-D0CD-488E-BF05-E5952615D926}.Release|Any CPU.ActiveCfg = Release|x86
		{A64D2052-D0CD-488E-BF05-E5952615D926}.Release|Any CPU.Build.0 = Release|x86
		{A64D2052-D0CD-488E-BF05-E5952615D926}.Release|Mixed Platforms.ActiveCfg = Release|x86
		{A64D2052-D0CD-488E-BF05-E5952615D926}.Release|Mixed Platforms.Build.0 = Release|x86
		{A64D2052-D0CD-488E-BF05-E5952615D926}.Release|x86.ActiveCfg = Release|x86
		{A64D2052-D0CD-488E-BF05-E5952615D926}.Release|x86.Build.0 = Release|x86
		{F747AA57-BEA7-4FB8-B371-546296789AEF}.Debug|Any CPU.ActiveCfg = Debug|x86
		{F747AA57-BEA7-4FB8-B371-546296789AEF}.Debug|Mixed Platforms.ActiveCfg = Debug|x86
		{F747AA57-BEA7-4FB8-B371-546296789AEF}.Debug|Mixed Platforms.Build.0 = Debug|x86
		{F747AA57-BEA7-4FB8-B371-546296789AEF}.Debug|x86.ActiveCfg = Debug|x86
		{F747AA57-BEA7-4FB8-B371-546296789AEF}.Debug|x86.Build.0 = Debug|x86
		{F747AA57-BEA7-4FB8-B371-546296789AEF}.Release|Any CPU.ActiveCfg = Release|x86
		{F747AA57-BEA7-4FB8-B371-546296789AEF}.Release|Mixed Platforms.ActiveCfg = Release|x86
		{F747AA57-BEA7-4FB8-B371-546296789AEF}.Release|Mixed Platforms.Build.0 = Release|x86
		{F747AA57-BEA7-4FB8-B371-546296789AEF}.Release|x86.ActiveCfg = Release|x86
		{F747AA57-BEA7-4FB8-B371-546296789AEF}.Release|x86.Build.0 = Release|x86
	EndGlobalSection
	GlobalSection(SolutionProperties) = preSolution
		HideSolutionNode = FALSE
	EndGlobalSection
	GlobalSection(ExtensibilityGlobals) = postSolution
		SolutionGuid = {22781EB3-2148-4CA4-845A-B55265A7B5C2}
	EndGlobalSection
	GlobalSection(MonoDevelopProperties) = preSolution
		StartupItem = Tester\Tester.csproj
	EndGlobalSection
EndGlobal
